
Microsoft Visual Studio Solution File, Format Version 12.00
# Visual Studio Version 16
VisualStudioVersion = 16.0.29123.88
MinimumVisualStudioVersion = 15.0.26124.0
Project("{9A19103F-16F7-4668-BE54-9A1E7A4F7556}") = "EventSourcing", "src\EventSourcing.csproj", "{5832AEFD-C176-41AD-A1F6-0CD95259BBF8}"
EndProject
Project("{9A19103F-16F7-4668-BE54-9A1E7A4F7556}") = "Tests", "tests\Tests.csproj", "{69318183-66E3-429B-8065-DA924FA75D3A}"
EndProject
Global
	GlobalSection(SolutionConfigurationPlatforms) = preSolution
		Debug|Any CPU = Debug|Any CPU
		Release|Any CPU = Release|Any CPU
	EndGlobalSection
	GlobalSection(ProjectConfigurationPlatforms) = postSolution
		{5832AEFD-C176-41AD-A1F6-0CD95259BBF8}.Debug|Any CPU.ActiveCfg = Debug|Any CPU
		{5832AEFD-C176-41AD-A1F6-0CD95259BBF8}.Debug|Any CPU.Build.0 = Debug|Any CPU
		{5832AEFD-C176-41AD-A1F6-0CD95259BBF8}.Release|Any CPU.ActiveCfg = Release|Any CPU
		{5832AEFD-C176-41AD-A1F6-0CD95259BBF8}.Release|Any CPU.Build.0 = Release|Any CPU
		{69318183-66E3-429B-8065-DA924FA75D3A}.Debug|Any CPU.ActiveCfg = Debug|Any CPU
		{69318183-66E3-429B-8065-DA924FA75D3A}.Debug|Any CPU.Build.0 = Debug|Any CPU
		{69318183-66E3-429B-8065-DA924FA75D3A}.Release|Any CPU.ActiveCfg = Release|Any CPU
		{69318183-66E3-429B-8065-DA924FA75D3A}.Release|Any CPU.Build.0 = Release|Any CPU
	EndGlobalSection
	GlobalSection(SolutionProperties) = preSolution
		HideSolutionNode = FALSE
	EndGlobalSection
	GlobalSection(ExtensibilityGlobals) = postSolution
		SolutionGuid = {2EB67B3D-AA7F-4DA5-8D61-889FC9C817F9}
	EndGlobalSection
EndGlobal
