
Microsoft Visual Studio Solution File, Format Version 12.00
# Visual Studio Version 16
VisualStudioVersion = 16.0.29123.88
MinimumVisualStudioVersion = 15.0.26124.0
Project("{6EC3EE1D-3C4E-46DD-8F32-0CC8E7565705}") = "EventSourcing", "src\EventSourcing.fsproj", "{BDDE8EBF-E7BA-4CBE-AB0F-1ECF184A9E15}"
EndProject
Project("{6EC3EE1D-3C4E-46DD-8F32-0CC8E7565705}") = "Tests", "tests\Tests.fsproj", "{7CF381AC-62F6-4823-8D41-99B12280151C}"
EndProject
Global
	GlobalSection(SolutionConfigurationPlatforms) = preSolution
		Debug|Any CPU = Debug|Any CPU
		Debug|x64 = Debug|x64
		Debug|x86 = Debug|x86
		Release|Any CPU = Release|Any CPU
		Release|x64 = Release|x64
		Release|x86 = Release|x86
	EndGlobalSection
	GlobalSection(ProjectConfigurationPlatforms) = postSolution
		{BDDE8EBF-E7BA-4CBE-AB0F-1ECF184A9E15}.Debug|Any CPU.ActiveCfg = Debug|Any CPU
		{BDDE8EBF-E7BA-4CBE-AB0F-1ECF184A9E15}.Debug|Any CPU.Build.0 = Debug|Any CPU
		{BDDE8EBF-E7BA-4CBE-AB0F-1ECF184A9E15}.Debug|x64.ActiveCfg = Debug|Any CPU
		{BDDE8EBF-E7BA-4CBE-AB0F-1ECF184A9E15}.Debug|x64.Build.0 = Debug|Any CPU
		{BDDE8EBF-E7BA-4CBE-AB0F-1ECF184A9E15}.Debug|x86.ActiveCfg = Debug|Any CPU
		{BDDE8EBF-E7BA-4CBE-AB0F-1ECF184A9E15}.Debug|x86.Build.0 = Debug|Any CPU
		{BDDE8EBF-E7BA-4CBE-AB0F-1ECF184A9E15}.Release|Any CPU.ActiveCfg = Release|Any CPU
		{BDDE8EBF-E7BA-4CBE-AB0F-1ECF184A9E15}.Release|Any CPU.Build.0 = Release|Any CPU
		{BDDE8EBF-E7BA-4CBE-AB0F-1ECF184A9E15}.Release|x64.ActiveCfg = Release|Any CPU
		{BDDE8EBF-E7BA-4CBE-AB0F-1ECF184A9E15}.Release|x64.Build.0 = Release|Any CPU
		{BDDE8EBF-E7BA-4CBE-AB0F-1ECF184A9E15}.Release|x86.ActiveCfg = Release|Any CPU
		{BDDE8EBF-E7BA-4CBE-AB0F-1ECF184A9E15}.Release|x86.Build.0 = Release|Any CPU
		{7CF381AC-62F6-4823-8D41-99B12280151C}.Debug|Any CPU.ActiveCfg = Debug|Any CPU
		{7CF381AC-62F6-4823-8D41-99B12280151C}.Debug|Any CPU.Build.0 = Debug|Any CPU
		{7CF381AC-62F6-4823-8D41-99B12280151C}.Debug|x64.ActiveCfg = Debug|Any CPU
		{7CF381AC-62F6-4823-8D41-99B12280151C}.Debug|x64.Build.0 = Debug|Any CPU
		{7CF381AC-62F6-4823-8D41-99B12280151C}.Debug|x86.ActiveCfg = Debug|Any CPU
		{7CF381AC-62F6-4823-8D41-99B12280151C}.Debug|x86.Build.0 = Debug|Any CPU
		{7CF381AC-62F6-4823-8D41-99B12280151C}.Release|Any CPU.ActiveCfg = Release|Any CPU
		{7CF381AC-62F6-4823-8D41-99B12280151C}.Release|Any CPU.Build.0 = Release|Any CPU
		{7CF381AC-62F6-4823-8D41-99B12280151C}.Release|x64.ActiveCfg = Release|Any CPU
		{7CF381AC-62F6-4823-8D41-99B12280151C}.Release|x64.Build.0 = Release|Any CPU
		{7CF381AC-62F6-4823-8D41-99B12280151C}.Release|x86.ActiveCfg = Release|Any CPU
		{7CF381AC-62F6-4823-8D41-99B12280151C}.Release|x86.Build.0 = Release|Any CPU
	EndGlobalSection
	GlobalSection(SolutionProperties) = preSolution
		HideSolutionNode = FALSE
	EndGlobalSection
	GlobalSection(ExtensibilityGlobals) = postSolution
		SolutionGuid = {4E4BA34F-4608-4F60-A2CD-92B9D3B8B2C0}
	EndGlobalSection
EndGlobal
